
Microsoft Visual Studio Solution File, Format Version 12.00
# Visual Studio Version 17
VisualStudioVersion = 17.1.32228.430
MinimumVisualStudioVersion = 10.0.40219.1
Project("{FAE04EC0-301F-11D3-BF4B-00C04F79EFBC}") = "PersonalFinance.API", "PersonalFinance.API\PersonalFinance.API.csproj", "{7F637B3C-32AA-440E-9A6B-624DED3F8A90}"
EndProject
Project("{FAE04EC0-301F-11D3-BF4B-00C04F79EFBC}") = "PersonalFinance.Repository", "PersonalFinance.Repository\PersonalFinance.Repository.csproj", "{5F83A467-D358-4683-8D7F-0FA18A0AF5D3}"
EndProject
Project("{FAE04EC0-301F-11D3-BF4B-00C04F79EFBC}") = "PersonalFinance.Service", "PersonalFinance.Service\PersonalFinance.Service.csproj", "{DEF57276-D896-4D58-84BE-8E61BC59DB2A}"
EndProject
Project("{54A90642-561A-4BB1-A94E-469ADEE60C69}") = "personalfinance.client", "personalfinance.client\personalfinance.client.esproj", "{9684FFB7-5B50-4456-9311-C0861A254FAA}"
EndProject
Global
	GlobalSection(SolutionConfigurationPlatforms) = preSolution
		Debug|Any CPU = Debug|Any CPU
		Release|Any CPU = Release|Any CPU
	EndGlobalSection
	GlobalSection(ProjectConfigurationPlatforms) = postSolution
		{7F637B3C-32AA-440E-9A6B-624DED3F8A90}.Debug|Any CPU.ActiveCfg = Debug|Any CPU
		{7F637B3C-32AA-440E-9A6B-624DED3F8A90}.Debug|Any CPU.Build.0 = Debug|Any CPU
		{7F637B3C-32AA-440E-9A6B-624DED3F8A90}.Release|Any CPU.ActiveCfg = Release|Any CPU
		{7F637B3C-32AA-440E-9A6B-624DED3F8A90}.Release|Any CPU.Build.0 = Release|Any CPU
		{5F83A467-D358-4683-8D7F-0FA18A0AF5D3}.Debug|Any CPU.ActiveCfg = Debug|Any CPU
		{5F83A467-D358-4683-8D7F-0FA18A0AF5D3}.Debug|Any CPU.Build.0 = Debug|Any CPU
		{5F83A467-D358-4683-8D7F-0FA18A0AF5D3}.Release|Any CPU.ActiveCfg = Release|Any CPU
		{5F83A467-D358-4683-8D7F-0FA18A0AF5D3}.Release|Any CPU.Build.0 = Release|Any CPU
		{DEF57276-D896-4D58-84BE-8E61BC59DB2A}.Debug|Any CPU.ActiveCfg = Debug|Any CPU
		{DEF57276-D896-4D58-84BE-8E61BC59DB2A}.Debug|Any CPU.Build.0 = Debug|Any CPU
		{DEF57276-D896-4D58-84BE-8E61BC59DB2A}.Release|Any CPU.ActiveCfg = Release|Any CPU
		{DEF57276-D896-4D58-84BE-8E61BC59DB2A}.Release|Any CPU.Build.0 = Release|Any CPU
		{9684FFB7-5B50-4456-9311-C0861A254FAA}.Debug|Any CPU.ActiveCfg = Debug|Any CPU
		{9684FFB7-5B50-4456-9311-C0861A254FAA}.Debug|Any CPU.Build.0 = Debug|Any CPU
		{9684FFB7-5B50-4456-9311-C0861A254FAA}.Debug|Any CPU.Deploy.0 = Debug|Any CPU
		{9684FFB7-5B50-4456-9311-C0861A254FAA}.Release|Any CPU.ActiveCfg = Release|Any CPU
		{9684FFB7-5B50-4456-9311-C0861A254FAA}.Release|Any CPU.Build.0 = Release|Any CPU
		{9684FFB7-5B50-4456-9311-C0861A254FAA}.Release|Any CPU.Deploy.0 = Release|Any CPU
	EndGlobalSection
	GlobalSection(SolutionProperties) = preSolution
		HideSolutionNode = FALSE
	EndGlobalSection
	GlobalSection(ExtensibilityGlobals) = postSolution
		SolutionGuid = {7A959588-369E-44C0-829E-F4E469798235}
	EndGlobalSection
EndGlobal
